// !$*UTF8*$!
{
	archiveVersion = 1;
	classes = {
	};
	objectVersion = 77;
	objects = {

/* Begin PBXBuildFile section */
		7503EC9E2D58DBA900790E27 /* Alamofire in Frameworks */ = {isa = PBXBuildFile; productRef = 7503EC9D2D58DBA900790E27 /* Alamofire */; };
		7503ECA12D58DBC400790E27 /* SnapKit in Frameworks */ = {isa = PBXBuildFile; productRef = 7503ECA02D58DBC400790E27 /* SnapKit */; };
/* End PBXBuildFile section */

/* Begin PBXContainerItemProxy section */
		75BBF0A42D58D47000CBA3D6 /* PBXContainerItemProxy */ = {
			isa = PBXContainerItemProxy;
			containerPortal = 75BBF08B2D58D46F00CBA3D6 /* Project object */;
			proxyType = 1;
			remoteGlobalIDString = 75BBF0922D58D46F00CBA3D6;
			remoteInfo = MatriksTraderApp;
		};
		75BBF0AE2D58D47000CBA3D6 /* PBXContainerItemProxy */ = {
			isa = PBXContainerItemProxy;
			containerPortal = 75BBF08B2D58D46F00CBA3D6 /* Project object */;
			proxyType = 1;
			remoteGlobalIDString = 75BBF0922D58D46F00CBA3D6;
			remoteInfo = MatriksTraderApp;
		};
/* End PBXContainerItemProxy section */

/* Begin PBXFileReference section */
		75BBF0932D58D46F00CBA3D6 /* MatriksTraderApp.app */ = {isa = PBXFileReference; explicitFileType = wrapper.application; includeInIndex = 0; path = MatriksTraderApp.app; sourceTree = BUILT_PRODUCTS_DIR; };
		75BBF0A32D58D47000CBA3D6 /* MatriksTraderAppTests.xctest */ = {isa = PBXFileReference; explicitFileType = wrapper.cfbundle; includeInIndex = 0; path = MatriksTraderAppTests.xctest; sourceTree = BUILT_PRODUCTS_DIR; };
		75BBF0AD2D58D47000CBA3D6 /* MatriksTraderAppUITests.xctest */ = {isa = PBXFileReference; explicitFileType = wrapper.cfbundle; includeInIndex = 0; path = MatriksTraderAppUITests.xctest; sourceTree = BUILT_PRODUCTS_DIR; };
/* End PBXFileReference section */

/* Begin PBXFileSystemSynchronizedBuildFileExceptionSet section */
		75597A802D58F0EF00AECF40 /* Exceptions for "MatriksTraderApp" folder in "MatriksTraderApp" target */ = {
			isa = PBXFileSystemSynchronizedBuildFileExceptionSet;
			membershipExceptions = (
				Info.plist,
			);
			target = 75BBF0922D58D46F00CBA3D6 /* MatriksTraderApp */;
		};
/* End PBXFileSystemSynchronizedBuildFileExceptionSet section */

/* Begin PBXFileSystemSynchronizedRootGroup section */
		75BBF0952D58D46F00CBA3D6 /* MatriksTraderApp */ = {
			isa = PBXFileSystemSynchronizedRootGroup;
			exceptions = (
				75597A802D58F0EF00AECF40 /* Exceptions for "MatriksTraderApp" folder in "MatriksTraderApp" target */,
			);
			path = MatriksTraderApp;
			sourceTree = "<group>";
		};
		75BBF0A62D58D47000CBA3D6 /* MatriksTraderAppTests */ = {
			isa = PBXFileSystemSynchronizedRootGroup;
			path = MatriksTraderAppTests;
			sourceTree = "<group>";
		};
		75BBF0B02D58D47000CBA3D6 /* MatriksTraderAppUITests */ = {
			isa = PBXFileSystemSynchronizedRootGroup;
			path = MatriksTraderAppUITests;
			sourceTree = "<group>";
		};
/* End PBXFileSystemSynchronizedRootGroup section */

/* Begin PBXFrameworksBuildPhase section */
		75BBF0902D58D46F00CBA3D6 /* Frameworks */ = {
			isa = PBXFrameworksBuildPhase;
			buildActionMask = 2147483647;
			files = (
				7503EC9E2D58DBA900790E27 /* Alamofire in Frameworks */,
				7503ECA12D58DBC400790E27 /* SnapKit in Frameworks */,
			);
			runOnlyForDeploymentPostprocessing = 0;
		};
		75BBF0A02D58D47000CBA3D6 /* Frameworks */ = {
			isa = PBXFrameworksBuildPhase;
			buildActionMask = 2147483647;
			files = (
			);
			runOnlyForDeploymentPostprocessing = 0;
		};
		75BBF0AA2D58D47000CBA3D6 /* Frameworks */ = {
			isa = PBXFrameworksBuildPhase;
			buildActionMask = 2147483647;
			files = (
			);
			runOnlyForDeploymentPostprocessing = 0;
		};
/* End PBXFrameworksBuildPhase section */

/* Begin PBXGroup section */
		75BBF08A2D58D46F00CBA3D6 = {
			isa = PBXGroup;
			children = (
				75BBF0952D58D46F00CBA3D6 /* MatriksTraderApp */,
				75BBF0A62D58D47000CBA3D6 /* MatriksTraderAppTests */,
				75BBF0B02D58D47000CBA3D6 /* MatriksTraderAppUITests */,
				75BBF0942D58D46F00CBA3D6 /* Products */,
			);
			sourceTree = "<group>";
		};
		75BBF0942D58D46F00CBA3D6 /* Products */ = {
			isa = PBXGroup;
			children = (
				75BBF0932D58D46F00CBA3D6 /* MatriksTraderApp.app */,
				75BBF0A32D58D47000CBA3D6 /* MatriksTraderAppTests.xctest */,
				75BBF0AD2D58D47000CBA3D6 /* MatriksTraderAppUITests.xctest */,
			);
			name = Products;
			sourceTree = "<group>";
		};
/* End PBXGroup section */

/* Begin PBXNativeTarget section */
		75BBF0922D58D46F00CBA3D6 /* MatriksTraderApp */ = {
			isa = PBXNativeTarget;
			buildConfigurationList = 75BBF0B72D58D47000CBA3D6 /* Build configuration list for PBXNativeTarget "MatriksTraderApp" */;
			buildPhases = (
				75BBF08F2D58D46F00CBA3D6 /* Sources */,
				75BBF0902D58D46F00CBA3D6 /* Frameworks */,
				75BBF0912D58D46F00CBA3D6 /* Resources */,
			);
			buildRules = (
			);
			dependencies = (
			);
			fileSystemSynchronizedGroups = (
				75BBF0952D58D46F00CBA3D6 /* MatriksTraderApp */,
			);
			name = MatriksTraderApp;
			packageProductDependencies = (
				7503EC9D2D58DBA900790E27 /* Alamofire */,
				7503ECA02D58DBC400790E27 /* SnapKit */,
			);
			productName = MatriksTraderApp;
			productReference = 75BBF0932D58D46F00CBA3D6 /* MatriksTraderApp.app */;
			productType = "com.apple.product-type.application";
		};
		75BBF0A22D58D47000CBA3D6 /* MatriksTraderAppTests */ = {
			isa = PBXNativeTarget;
			buildConfigurationList = 75BBF0BA2D58D47000CBA3D6 /* Build configuration list for PBXNativeTarget "MatriksTraderAppTests" */;
			buildPhases = (
				75BBF09F2D58D47000CBA3D6 /* Sources */,
				75BBF0A02D58D47000CBA3D6 /* Frameworks */,
				75BBF0A12D58D47000CBA3D6 /* Resources */,
			);
			buildRules = (
			);
			dependencies = (
				75BBF0A52D58D47000CBA3D6 /* PBXTargetDependency */,
			);
			fileSystemSynchronizedGroups = (
				75BBF0A62D58D47000CBA3D6 /* MatriksTraderAppTests */,
			);
			name = MatriksTraderAppTests;
			packageProductDependencies = (
			);
			productName = MatriksTraderAppTests;
			productReference = 75BBF0A32D58D47000CBA3D6 /* MatriksTraderAppTests.xctest */;
			productType = "com.apple.product-type.bundle.unit-test";
		};
		75BBF0AC2D58D47000CBA3D6 /* MatriksTraderAppUITests */ = {
			isa = PBXNativeTarget;
			buildConfigurationList = 75BBF0BD2D58D47000CBA3D6 /* Build configuration list for PBXNativeTarget "MatriksTraderAppUITests" */;
			buildPhases = (
				75BBF0A92D58D47000CBA3D6 /* Sources */,
				75BBF0AA2D58D47000CBA3D6 /* Frameworks */,
				75BBF0AB2D58D47000CBA3D6 /* Resources */,
			);
			buildRules = (
			);
			dependencies = (
				75BBF0AF2D58D47000CBA3D6 /* PBXTargetDependency */,
			);
			fileSystemSynchronizedGroups = (
				75BBF0B02D58D47000CBA3D6 /* MatriksTraderAppUITests */,
			);
			name = MatriksTraderAppUITests;
			packageProductDependencies = (
			);
			productName = MatriksTraderAppUITests;
			productReference = 75BBF0AD2D58D47000CBA3D6 /* MatriksTraderAppUITests.xctest */;
			productType = "com.apple.product-type.bundle.ui-testing";
		};
/* End PBXNativeTarget section */

/* Begin PBXProject section */
		75BBF08B2D58D46F00CBA3D6 /* Project object */ = {
			isa = PBXProject;
			attributes = {
				BuildIndependentTargetsInParallel = 1;
				LastSwiftUpdateCheck = 1620;
				LastUpgradeCheck = 1620;
				TargetAttributes = {
					75BBF0922D58D46F00CBA3D6 = {
						CreatedOnToolsVersion = 16.2;
					};
					75BBF0A22D58D47000CBA3D6 = {
						CreatedOnToolsVersion = 16.2;
						TestTargetID = 75BBF0922D58D46F00CBA3D6;
					};
					75BBF0AC2D58D47000CBA3D6 = {
						CreatedOnToolsVersion = 16.2;
						TestTargetID = 75BBF0922D58D46F00CBA3D6;
					};
				};
			};
			buildConfigurationList = 75BBF08E2D58D46F00CBA3D6 /* Build configuration list for PBXProject "MatriksTraderApp" */;
			developmentRegion = en;
			hasScannedForEncodings = 0;
			knownRegions = (
				en,
				Base,
			);
			mainGroup = 75BBF08A2D58D46F00CBA3D6;
			minimizedProjectReferenceProxies = 1;
			packageReferences = (
				7503EC9C2D58DBA900790E27 /* XCRemoteSwiftPackageReference "Alamofire" */,
				7503EC9F2D58DBC400790E27 /* XCRemoteSwiftPackageReference "SnapKit" */,
			);
			preferredProjectObjectVersion = 77;
			productRefGroup = 75BBF0942D58D46F00CBA3D6 /* Products */;
			projectDirPath = "";
			projectRoot = "";
			targets = (
				75BBF0922D58D46F00CBA3D6 /* MatriksTraderApp */,
				75BBF0A22D58D47000CBA3D6 /* MatriksTraderAppTests */,
				75BBF0AC2D58D47000CBA3D6 /* MatriksTraderAppUITests */,
			);
		};
/* End PBXProject section */

/* Begin PBXResourcesBuildPhase section */
		75BBF0912D58D46F00CBA3D6 /* Resources */ = {
			isa = PBXResourcesBuildPhase;
			buildActionMask = 2147483647;
			files = (
			);
			runOnlyForDeploymentPostprocessing = 0;
		};
		75BBF0A12D58D47000CBA3D6 /* Resources */ = {
			isa = PBXResourcesBuildPhase;
			buildActionMask = 2147483647;
			files = (
			);
			runOnlyForDeploymentPostprocessing = 0;
		};
		75BBF0AB2D58D47000CBA3D6 /* Resources */ = {
			isa = PBXResourcesBuildPhase;
			buildActionMask = 2147483647;
			files = (
			);
			runOnlyForDeploymentPostprocessing = 0;
		};
/* End PBXResourcesBuildPhase section */

/* Begin PBXSourcesBuildPhase section */
		75BBF08F2D58D46F00CBA3D6 /* Sources */ = {
			isa = PBXSourcesBuildPhase;
			buildActionMask = 2147483647;
			files = (
			);
			runOnlyForDeploymentPostprocessing = 0;
		};
		75BBF09F2D58D47000CBA3D6 /* Sources */ = {
			isa = PBXSourcesBuildPhase;
			buildActionMask = 2147483647;
			files = (
			);
			runOnlyForDeploymentPostprocessing = 0;
		};
		75BBF0A92D58D47000CBA3D6 /* Sources */ = {
			isa = PBXSourcesBuildPhase;
			buildActionMask = 2147483647;
			files = (
			);
			runOnlyForDeploymentPostprocessing = 0;
		};
/* End PBXSourcesBuildPhase section */

/* Begin PBXTargetDependency section */
		75BBF0A52D58D47000CBA3D6 /* PBXTargetDependency */ = {
			isa = PBXTargetDependency;
			target = 75BBF0922D58D46F00CBA3D6 /* MatriksTraderApp */;
			targetProxy = 75BBF0A42D58D47000CBA3D6 /* PBXContainerItemProxy */;
		};
		75BBF0AF2D58D47000CBA3D6 /* PBXTargetDependency */ = {
			isa = PBXTargetDependency;
			target = 75BBF0922D58D46F00CBA3D6 /* MatriksTraderApp */;
			targetProxy = 75BBF0AE2D58D47000CBA3D6 /* PBXContainerItemProxy */;
		};
/* End PBXTargetDependency section */

/* Begin XCBuildConfiguration section */
		75BBF0B52D58D47000CBA3D6 /* Debug */ = {
			isa = XCBuildConfiguration;
			buildSettings = {
				ALWAYS_SEARCH_USER_PATHS = NO;
				ASSETCATALOG_COMPILER_GENERATE_SWIFT_ASSET_SYMBOL_EXTENSIONS = YES;
				CLANG_ANALYZER_NONNULL = YES;
				CLANG_ANALYZER_NUMBER_OBJECT_CONVERSION = YES_AGGRESSIVE;
				CLANG_CXX_LANGUAGE_STANDARD = "gnu++20";
				CLANG_ENABLE_MODULES = YES;
				CLANG_ENABLE_OBJC_ARC = YES;
				CLANG_ENABLE_OBJC_WEAK = YES;
				CLANG_WARN_BLOCK_CAPTURE_AUTORELEASING = YES;
				CLANG_WARN_BOOL_CONVERSION = YES;
				CLANG_WARN_COMMA = YES;
				CLANG_WARN_CONSTANT_CONVERSION = YES;
				CLANG_WARN_DEPRECATED_OBJC_IMPLEMENTATIONS = YES;
				CLANG_WARN_DIRECT_OBJC_ISA_USAGE = YES_ERROR;
				CLANG_WARN_DOCUMENTATION_COMMENTS = YES;
				CLANG_WARN_EMPTY_BODY = YES;
				CLANG_WARN_ENUM_CONVERSION = YES;
				CLANG_WARN_INFINITE_RECURSION = YES;
				CLANG_WARN_INT_CONVERSION = YES;
				CLANG_WARN_NON_LITERAL_NULL_CONVERSION = YES;
				CLANG_WARN_OBJC_IMPLICIT_RETAIN_SELF = YES;
				CLANG_WARN_OBJC_LITERAL_CONVERSION = YES;
				CLANG_WARN_OBJC_ROOT_CLASS = YES_ERROR;
				CLANG_WARN_QUOTED_INCLUDE_IN_FRAMEWORK_HEADER = YES;
				CLANG_WARN_RANGE_LOOP_ANALYSIS = YES;
				CLANG_WARN_STRICT_PROTOTYPES = YES;
				CLANG_WARN_SUSPICIOUS_MOVE = YES;
				CLANG_WARN_UNGUARDED_AVAILABILITY = YES_AGGRESSIVE;
				CLANG_WARN_UNREACHABLE_CODE = YES;
				CLANG_WARN__DUPLICATE_METHOD_MATCH = YES;
				COPY_PHASE_STRIP = NO;
				DEBUG_INFORMATION_FORMAT = dwarf;
				ENABLE_STRICT_OBJC_MSGSEND = YES;
				ENABLE_TESTABILITY = YES;
				ENABLE_USER_SCRIPT_SANDBOXING = YES;
				GCC_C_LANGUAGE_STANDARD = gnu17;
				GCC_DYNAMIC_NO_PIC = NO;
				GCC_NO_COMMON_BLOCKS = YES;
				GCC_OPTIMIZATION_LEVEL = 0;
				GCC_PREPROCESSOR_DEFINITIONS = (
					"DEBUG=1",
					"$(inherited)",
				);
				GCC_WARN_64_TO_32_BIT_CONVERSION = YES;
				GCC_WARN_ABOUT_RETURN_TYPE = YES_ERROR;
				GCC_WARN_UNDECLARED_SELECTOR = YES;
				GCC_WARN_UNINITIALIZED_AUTOS = YES_AGGRESSIVE;
				GCC_WARN_UNUSED_FUNCTION = YES;
				GCC_WARN_UNUSED_VARIABLE = YES;
				IPHONEOS_DEPLOYMENT_TARGET = 18.2;
				LOCALIZATION_PREFERS_STRING_CATALOGS = YES;
				MTL_ENABLE_DEBUG_INFO = INCLUDE_SOURCE;
				MTL_FAST_MATH = YES;
				ONLY_ACTIVE_ARCH = YES;
				SDKROOT = iphoneos;
				SWIFT_ACTIVE_COMPILATION_CONDITIONS = "DEBUG $(inherited)";
				SWIFT_OPTIMIZATION_LEVEL = "-Onone";
			};
			name = Debug;
		};
		75BBF0B62D58D47000CBA3D6 /* Release */ = {
			isa = XCBuildConfiguration;
			buildSettings = {
				ALWAYS_SEARCH_USER_PATHS = NO;
				ASSETCATALOG_COMPILER_GENERATE_SWIFT_ASSET_SYMBOL_EXTENSIONS = YES;
				CLANG_ANALYZER_NONNULL = YES;
				CLANG_ANALYZER_NUMBER_OBJECT_CONVERSION = YES_AGGRESSIVE;
				CLANG_CXX_LANGUAGE_STANDARD = "gnu++20";
				CLANG_ENABLE_MODULES = YES;
				CLANG_ENABLE_OBJC_ARC = YES;
				CLANG_ENABLE_OBJC_WEAK = YES;
				CLANG_WARN_BLOCK_CAPTURE_AUTORELEASING = YES;
				CLANG_WARN_BOOL_CONVERSION = YES;
				CLANG_WARN_COMMA = YES;
				CLANG_WARN_CONSTANT_CONVERSION = YES;
				CLANG_WARN_DEPRECATED_OBJC_IMPLEMENTATIONS = YES;
				CLANG_WARN_DIRECT_OBJC_ISA_USAGE = YES_ERROR;
				CLANG_WARN_DOCUMENTATION_COMMENTS = YES;
				CLANG_WARN_EMPTY_BODY = YES;
				CLANG_WARN_ENUM_CONVERSION = YES;
				CLANG_WARN_INFINITE_RECURSION = YES;
				CLANG_WARN_INT_CONVERSION = YES;
				CLANG_WARN_NON_LITERAL_NULL_CONVERSION = YES;
				CLANG_WARN_OBJC_IMPLICIT_RETAIN_SELF = YES;
				CLANG_WARN_OBJC_LITERAL_CONVERSION = YES;
				CLANG_WARN_OBJC_ROOT_CLASS = YES_ERROR;
				CLANG_WARN_QUOTED_INCLUDE_IN_FRAMEWORK_HEADER = YES;
				CLANG_WARN_RANGE_LOOP_ANALYSIS = YES;
				CLANG_WARN_STRICT_PROTOTYPES = YES;
				CLANG_WARN_SUSPICIOUS_MOVE = YES;
				CLANG_WARN_UNGUARDED_AVAILABILITY = YES_AGGRESSIVE;
				CLANG_WARN_UNREACHABLE_CODE = YES;
				CLANG_WARN__DUPLICATE_METHOD_MATCH = YES;
				COPY_PHASE_STRIP = NO;
				DEBUG_INFORMATION_FORMAT = "dwarf-with-dsym";
				ENABLE_NS_ASSERTIONS = NO;
				ENABLE_STRICT_OBJC_MSGSEND = YES;
				ENABLE_USER_SCRIPT_SANDBOXING = YES;
				GCC_C_LANGUAGE_STANDARD = gnu17;
				GCC_NO_COMMON_BLOCKS = YES;
				GCC_WARN_64_TO_32_BIT_CONVERSION = YES;
				GCC_WARN_ABOUT_RETURN_TYPE = YES_ERROR;
				GCC_WARN_UNDECLARED_SELECTOR = YES;
				GCC_WARN_UNINITIALIZED_AUTOS = YES_AGGRESSIVE;
				GCC_WARN_UNUSED_FUNCTION = YES;
				GCC_WARN_UNUSED_VARIABLE = YES;
				IPHONEOS_DEPLOYMENT_TARGET = 18.2;
				LOCALIZATION_PREFERS_STRING_CATALOGS = YES;
				MTL_ENABLE_DEBUG_INFO = NO;
				MTL_FAST_MATH = YES;
				SDKROOT = iphoneos;
				SWIFT_COMPILATION_MODE = wholemodule;
				VALIDATE_PRODUCT = YES;
			};
			name = Release;
		};
		75BBF0B82D58D47000CBA3D6 /* Debug */ = {
			isa = XCBuildConfiguration;
			buildSettings = {
				ASSETCATALOG_COMPILER_APPICON_NAME = AppIcon;
				ASSETCATALOG_COMPILER_GLOBAL_ACCENT_COLOR_NAME = AccentColor;
				CODE_SIGN_STYLE = Automatic;
				CURRENT_PROJECT_VERSION = 1;
				DEVELOPMENT_ASSET_PATHS = "\"MatriksTraderApp/Preview Content\"";
				DEVELOPMENT_TEAM = 69F53U2LLH;
				ENABLE_PREVIEWS = YES;
				GENERATE_INFOPLIST_FILE = NO;
				"INFOPLIST_FILE[sdk=*]" = MatriksTraderApp/Info.plist;
				INFOPLIST_KEY_UIApplicationSceneManifest_Generation = NO;
				INFOPLIST_KEY_UIApplicationSupportsIndirectInputEvents = YES;
				INFOPLIST_KEY_UILaunchScreen_Generation = NO;
				INFOPLIST_KEY_UISupportedInterfaceOrientations_iPad = "UIInterfaceOrientationPortrait UIInterfaceOrientationPortraitUpsideDown UIInterfaceOrientationLandscapeLeft UIInterfaceOrientationLandscapeRight";
				INFOPLIST_KEY_UISupportedInterfaceOrientations_iPhone = "UIInterfaceOrientationPortrait UIInterfaceOrientationLandscapeLeft UIInterfaceOrientationLandscapeRight";
				IPHONEOS_DEPLOYMENT_TARGET = 15.6;
				LD_RUNPATH_SEARCH_PATHS = (
					"$(inherited)",
					"@executable_path/Frameworks",
				);
				MARKETING_VERSION = 1.0;
				PRODUCT_BUNDLE_IDENTIFIER = yavselyil.MatriksTraderApp;
				PRODUCT_NAME = "$(TARGET_NAME)";
				SWIFT_EMIT_LOC_STRINGS = YES;
				SWIFT_VERSION = 5.0;
				TARGETED_DEVICE_FAMILY = "1,2";
			};
			name = Debug;
		};
		75BBF0B92D58D47000CBA3D6 /* Release */ = {
			isa = XCBuildConfiguration;
			buildSettings = {
				ASSETCATALOG_COMPILER_APPICON_NAME = AppIcon;
				ASSETCATALOG_COMPILER_GLOBAL_ACCENT_COLOR_NAME = AccentColor;
				CODE_SIGN_STYLE = Automatic;
				CURRENT_PROJECT_VERSION = 1;
				DEVELOPMENT_ASSET_PATHS = "\"MatriksTraderApp/Preview Content\"";
				DEVELOPMENT_TEAM = 69F53U2LLH;
				ENABLE_PREVIEWS = YES;
				GENERATE_INFOPLIST_FILE = NO;
				"INFOPLIST_FILE[sdk=*]" = MatriksTraderApp/Info.plist;
				INFOPLIST_KEY_UIApplicationSceneManifest_Generation = NO;
				INFOPLIST_KEY_UIApplicationSupportsIndirectInputEvents = YES;
				INFOPLIST_KEY_UILaunchScreen_Generation = NO;
				INFOPLIST_KEY_UISupportedInterfaceOrientations_iPad = "UIInterfaceOrientationPortrait UIInterfaceOrientationPortraitUpsideDown UIInterfaceOrientationLandscapeLeft UIInterfaceOrientationLandscapeRight";
				INFOPLIST_KEY_UISupportedInterfaceOrientations_iPhone = "UIInterfaceOrientationPortrait UIInterfaceOrientationLandscapeLeft UIInterfaceOrientationLandscapeRight";
				IPHONEOS_DEPLOYMENT_TARGET = 15.6;
				LD_RUNPATH_SEARCH_PATHS = (
					"$(inherited)",
					"@executable_path/Frameworks",
				);
				MARKETING_VERSION = 1.0;
				PRODUCT_BUNDLE_IDENTIFIER = yavselyil.MatriksTraderApp;
				PRODUCT_NAME = "$(TARGET_NAME)";
				SWIFT_EMIT_LOC_STRINGS = YES;
				SWIFT_VERSION = 5.0;
				TARGETED_DEVICE_FAMILY = "1,2";
			};
			name = Release;
		};
		75BBF0BB2D58D47000CBA3D6 /* Debug */ = {
			isa = XCBuildConfiguration;
			buildSettings = {
				BUNDLE_LOADER = "$(TEST_HOST)";
				CODE_SIGN_STYLE = Automatic;
				CURRENT_PROJECT_VERSION = 1;
				DEVELOPMENT_TEAM = 69F53U2LLH;
				GENERATE_INFOPLIST_FILE = YES;
				IPHONEOS_DEPLOYMENT_TARGET = 15.6;
				MARKETING_VERSION = 1.0;
				PRODUCT_BUNDLE_IDENTIFIER = yavselyil.MatriksTraderAppTests;
				PRODUCT_NAME = "$(TARGET_NAME)";
				SWIFT_EMIT_LOC_STRINGS = NO;
				SWIFT_VERSION = 5.0;
				TARGETED_DEVICE_FAMILY = "1,2";
				TEST_HOST = "$(BUILT_PRODUCTS_DIR)/MatriksTraderApp.app/$(BUNDLE_EXECUTABLE_FOLDER_PATH)/MatriksTraderApp";
			};
			name = Debug;
		};
		75BBF0BC2D58D47000CBA3D6 /* Release */ = {
			isa = XCBuildConfiguration;
			buildSettings = {
				BUNDLE_LOADER = "$(TEST_HOST)";
				CODE_SIGN_STYLE = Automatic;
				CURRENT_PROJECT_VERSION = 1;
				DEVELOPMENT_TEAM = 69F53U2LLH;
				GENERATE_INFOPLIST_FILE = YES;
				IPHONEOS_DEPLOYMENT_TARGET = 15.6;
				MARKETING_VERSION = 1.0;
				PRODUCT_BUNDLE_IDENTIFIER = yavselyil.MatriksTraderAppTests;
				PRODUCT_NAME = "$(TARGET_NAME)";
				SWIFT_EMIT_LOC_STRINGS = NO;
				SWIFT_VERSION = 5.0;
				TARGETED_DEVICE_FAMILY = "1,2";
				TEST_HOST = "$(BUILT_PRODUCTS_DIR)/MatriksTraderApp.app/$(BUNDLE_EXECUTABLE_FOLDER_PATH)/MatriksTraderApp";
			};
			name = Release;
		};
		75BBF0BE2D58D47000CBA3D6 /* Debug */ = {
			isa = XCBuildConfiguration;
			buildSettings = {
				CODE_SIGN_STYLE = Automatic;
				CURRENT_PROJECT_VERSION = 1;
				DEVELOPMENT_TEAM = 69F53U2LLH;
				GENERATE_INFOPLIST_FILE = YES;
				IPHONEOS_DEPLOYMENT_TARGET = 15.6;
				MARKETING_VERSION = 1.0;
				PRODUCT_BUNDLE_IDENTIFIER = yavselyil.MatriksTraderAppUITests;
				PRODUCT_NAME = "$(TARGET_NAME)";
				SWIFT_EMIT_LOC_STRINGS = NO;
				SWIFT_VERSION = 5.0;
				TARGETED_DEVICE_FAMILY = "1,2";
				TEST_TARGET_NAME = MatriksTraderApp;
			};
			name = Debug;
		};
		75BBF0BF2D58D47000CBA3D6 /* Release */ = {
			isa = XCBuildConfiguration;
			buildSettings = {
				CODE_SIGN_STYLE = Automatic;
				CURRENT_PROJECT_VERSION = 1;
				DEVELOPMENT_TEAM = 69F53U2LLH;
				GENERATE_INFOPLIST_FILE = YES;
				IPHONEOS_DEPLOYMENT_TARGET = 15.6;
				MARKETING_VERSION = 1.0;
				PRODUCT_BUNDLE_IDENTIFIER = yavselyil.MatriksTraderAppUITests;
				PRODUCT_NAME = "$(TARGET_NAME)";
				SWIFT_EMIT_LOC_STRINGS = NO;
				SWIFT_VERSION = 5.0;
				TARGETED_DEVICE_FAMILY = "1,2";
				TEST_TARGET_NAME = MatriksTraderApp;
			};
			name = Release;
		};
/* End XCBuildConfiguration section */

/* Begin XCConfigurationList section */
		75BBF08E2D58D46F00CBA3D6 /* Build configuration list for PBXProject "MatriksTraderApp" */ = {
			isa = XCConfigurationList;
			buildConfigurations = (
				75BBF0B52D58D47000CBA3D6 /* Debug */,
				75BBF0B62D58D47000CBA3D6 /* Release */,
			);
			defaultConfigurationIsVisible = 0;
			defaultConfigurationName = Release;
		};
		75BBF0B72D58D47000CBA3D6 /* Build configuration list for PBXNativeTarget "MatriksTraderApp" */ = {
			isa = XCConfigurationList;
			buildConfigurations = (
				75BBF0B82D58D47000CBA3D6 /* Debug */,
				75BBF0B92D58D47000CBA3D6 /* Release */,
			);
			defaultConfigurationIsVisible = 0;
			defaultConfigurationName = Release;
		};
		75BBF0BA2D58D47000CBA3D6 /* Build configuration list for PBXNativeTarget "MatriksTraderAppTests" */ = {
			isa = XCConfigurationList;
			buildConfigurations = (
				75BBF0BB2D58D47000CBA3D6 /* Debug */,
				75BBF0BC2D58D47000CBA3D6 /* Release */,
			);
			defaultConfigurationIsVisible = 0;
			defaultConfigurationName = Release;
		};
		75BBF0BD2D58D47000CBA3D6 /* Build configuration list for PBXNativeTarget "MatriksTraderAppUITests" */ = {
			isa = XCConfigurationList;
			buildConfigurations = (
				75BBF0BE2D58D47000CBA3D6 /* Debug */,
				75BBF0BF2D58D47000CBA3D6 /* Release */,
			);
			defaultConfigurationIsVisible = 0;
			defaultConfigurationName = Release;
		};
/* End XCConfigurationList section */

/* Begin XCRemoteSwiftPackageReference section */
		7503EC9C2D58DBA900790E27 /* XCRemoteSwiftPackageReference "Alamofire" */ = {
			isa = XCRemoteSwiftPackageReference;
			repositoryURL = "https://github.com/Alamofire/Alamofire.git";
			requirement = {
				kind = upToNextMajorVersion;
				minimumVersion = 5.10.2;
			};
		};
		7503EC9F2D58DBC400790E27 /* XCRemoteSwiftPackageReference "SnapKit" */ = {
			isa = XCRemoteSwiftPackageReference;
			repositoryURL = "https://github.com/SnapKit/SnapKit.git";
			requirement = {
				kind = upToNextMajorVersion;
				minimumVersion = 5.7.1;
			};
		};
/* End XCRemoteSwiftPackageReference section */

/* Begin XCSwiftPackageProductDependency section */
		7503EC9D2D58DBA900790E27 /* Alamofire */ = {
			isa = XCSwiftPackageProductDependency;
			package = 7503EC9C2D58DBA900790E27 /* XCRemoteSwiftPackageReference "Alamofire" */;
			productName = Alamofire;
		};
		7503ECA02D58DBC400790E27 /* SnapKit */ = {
			isa = XCSwiftPackageProductDependency;
			package = 7503EC9F2D58DBC400790E27 /* XCRemoteSwiftPackageReference "SnapKit" */;
			productName = SnapKit;
		};
/* End XCSwiftPackageProductDependency section */
	};
	rootObject = 75BBF08B2D58D46F00CBA3D6 /* Project object */;
}
